
Microsoft Visual Studio Solution File, Format Version 12.00
# Visual Studio Version 17
VisualStudioVersion = 17.0.32014.148
MinimumVisualStudioVersion = 10.0.40219.1
Project("{9A19103F-16F7-4668-BE54-9A1E7A4F7556}") = "ConsoleToTestCode", "ConsoleToTestCode\ConsoleToTestCode.csproj", "{EABBAD10-367C-4B83-9151-C5B55B398114}"
EndProject
Project("{9A19103F-16F7-4668-BE54-9A1E7A4F7556}") = "ConsoleToTestCode.TEST", "ConsoleToTestCode.TEST\ConsoleToTestCode.TEST.csproj", "{F3DB98C7-08BC-49A1-A33B-E138CDDA6035}"
EndProject
Project("{9A19103F-16F7-4668-BE54-9A1E7A4F7556}") = "Generics", "Generics\Generics.csproj", "{3DD480D2-B06A-4789-97BE-792599D20F00}"
EndProject
Project("{FAE04EC0-301F-11D3-BF4B-00C04F79EFBC}") = "ArraysAndCollections", "ArraysAndCollections\ArraysAndCollections.csproj", "{0F8F57A0-169D-462F-9D65-3562770B13DC}"
EndProject
Global
	GlobalSection(SolutionConfigurationPlatforms) = preSolution
		Debug|Any CPU = Debug|Any CPU
		Release|Any CPU = Release|Any CPU
	EndGlobalSection
	GlobalSection(ProjectConfigurationPlatforms) = postSolution
		{EABBAD10-367C-4B83-9151-C5B55B398114}.Debug|Any CPU.ActiveCfg = Debug|Any CPU
		{EABBAD10-367C-4B83-9151-C5B55B398114}.Debug|Any CPU.Build.0 = Debug|Any CPU
		{EABBAD10-367C-4B83-9151-C5B55B398114}.Release|Any CPU.ActiveCfg = Release|Any CPU
		{EABBAD10-367C-4B83-9151-C5B55B398114}.Release|Any CPU.Build.0 = Release|Any CPU
		{F3DB98C7-08BC-49A1-A33B-E138CDDA6035}.Debug|Any CPU.ActiveCfg = Debug|Any CPU
		{F3DB98C7-08BC-49A1-A33B-E138CDDA6035}.Debug|Any CPU.Build.0 = Debug|Any CPU
		{F3DB98C7-08BC-49A1-A33B-E138CDDA6035}.Release|Any CPU.ActiveCfg = Release|Any CPU
		{F3DB98C7-08BC-49A1-A33B-E138CDDA6035}.Release|Any CPU.Build.0 = Release|Any CPU
		{3DD480D2-B06A-4789-97BE-792599D20F00}.Debug|Any CPU.ActiveCfg = Debug|Any CPU
		{3DD480D2-B06A-4789-97BE-792599D20F00}.Debug|Any CPU.Build.0 = Debug|Any CPU
		{3DD480D2-B06A-4789-97BE-792599D20F00}.Release|Any CPU.ActiveCfg = Release|Any CPU
		{3DD480D2-B06A-4789-97BE-792599D20F00}.Release|Any CPU.Build.0 = Release|Any CPU
		{0F8F57A0-169D-462F-9D65-3562770B13DC}.Debug|Any CPU.ActiveCfg = Debug|Any CPU
		{0F8F57A0-169D-462F-9D65-3562770B13DC}.Debug|Any CPU.Build.0 = Debug|Any CPU
		{0F8F57A0-169D-462F-9D65-3562770B13DC}.Release|Any CPU.ActiveCfg = Release|Any CPU
		{0F8F57A0-169D-462F-9D65-3562770B13DC}.Release|Any CPU.Build.0 = Release|Any CPU
	EndGlobalSection
	GlobalSection(SolutionProperties) = preSolution
		HideSolutionNode = FALSE
	EndGlobalSection
	GlobalSection(ExtensibilityGlobals) = postSolution
		SolutionGuid = {29C1B484-0A55-4AD6-90B7-5497C92F4498}
	EndGlobalSection
EndGlobal
